
Microsoft Visual Studio Solution File, Format Version 12.00
# Visual Studio Version 17
VisualStudioVersion = 17.13.35919.96 d17.13
MinimumVisualStudioVersion = 10.0.40219.1
Project("{FAE04EC0-301F-11D3-BF4B-00C04F79EFBC}") = "WorkWeekPlanner.Api", "WorkWeekPlanner.Api\WorkWeekPlanner.Api.csproj", "{C4A97490-5419-4241-BB3B-182459BF57D6}"
EndProject
Global
	GlobalSection(SolutionConfigurationPlatforms) = preSolution
		Debug|Any CPU = Debug|Any CPU
		Release|Any CPU = Release|Any CPU
	EndGlobalSection
	GlobalSection(ProjectConfigurationPlatforms) = postSolution
		{C4A97490-5419-4241-BB3B-182459BF57D6}.Debug|Any CPU.ActiveCfg = Debug|Any CPU
		{C4A97490-5419-4241-BB3B-182459BF57D6}.Debug|Any CPU.Build.0 = Debug|Any CPU
		{C4A97490-5419-4241-BB3B-182459BF57D6}.Release|Any CPU.ActiveCfg = Release|Any CPU
		{C4A97490-5419-4241-BB3B-182459BF57D6}.Release|Any CPU.Build.0 = Release|Any CPU
	EndGlobalSection
	GlobalSection(SolutionProperties) = preSolution
		HideSolutionNode = FALSE
	EndGlobalSection
	GlobalSection(ExtensibilityGlobals) = postSolution
		SolutionGuid = {FA6BE380-8BEB-47F2-A7AC-DEA7D04ECC05}
	EndGlobalSection
EndGlobal
